
Microsoft Visual Studio Solution File, Format Version 12.00
Project("{FAE04EC0-301F-11D3-BF4B-00C04F79EFBC}") = "ClashSubConvert", "ClashSubConvert.csproj", "{1E58FF32-4D8F-4702-A2B3-1634F5925B1E}"
EndProject
Global
	GlobalSection(SolutionConfigurationPlatforms) = preSolution
		Debug|Any CPU = Debug|Any CPU
		Release|Any CPU = Release|Any CPU
	EndGlobalSection
	GlobalSection(ProjectConfigurationPlatforms) = postSolution
		{1E58FF32-4D8F-4702-A2B3-1634F5925B1E}.Debug|Any CPU.ActiveCfg = Debug|Any CPU
		{1E58FF32-4D8F-4702-A2B3-1634F5925B1E}.Debug|Any CPU.Build.0 = Debug|Any CPU
		{1E58FF32-4D8F-4702-A2B3-1634F5925B1E}.Release|Any CPU.ActiveCfg = Release|Any CPU
		{1E58FF32-4D8F-4702-A2B3-1634F5925B1E}.Release|Any CPU.Build.0 = Release|Any CPU
	EndGlobalSection
EndGlobal
